
Microsoft Visual Studio Solution File, Format Version 12.00
# Visual Studio Version 17
VisualStudioVersion = 17.8.34511.84
MinimumVisualStudioVersion = 10.0.40219.1
Project("{9A19103F-16F7-4668-BE54-9A1E7A4F7556}") = "ProblemsAndDilemmas", "ProblemsAndDilemmas.csproj", "{6E5789C2-35B8-43C8-B762-35AE3587AE04}"
EndProject
Project("{FAE04EC0-301F-11D3-BF4B-00C04F79EFBC}") = "MontyHallProblem", "..\MontyHallProblem\MontyHallProblem.csproj", "{7FB19A63-49F3-4ECA-BF35-1C20E115DAC1}"
EndProject
Global
	GlobalSection(SolutionConfigurationPlatforms) = preSolution
		Debug|Any CPU = Debug|Any CPU
		Release|Any CPU = Release|Any CPU
	EndGlobalSection
	GlobalSection(ProjectConfigurationPlatforms) = postSolution
		{6E5789C2-35B8-43C8-B762-35AE3587AE04}.Debug|Any CPU.ActiveCfg = Debug|Any CPU
		{6E5789C2-35B8-43C8-B762-35AE3587AE04}.Debug|Any CPU.Build.0 = Debug|Any CPU
		{6E5789C2-35B8-43C8-B762-35AE3587AE04}.Release|Any CPU.ActiveCfg = Release|Any CPU
		{6E5789C2-35B8-43C8-B762-35AE3587AE04}.Release|Any CPU.Build.0 = Release|Any CPU
		{7FB19A63-49F3-4ECA-BF35-1C20E115DAC1}.Debug|Any CPU.ActiveCfg = Debug|Any CPU
		{7FB19A63-49F3-4ECA-BF35-1C20E115DAC1}.Debug|Any CPU.Build.0 = Debug|Any CPU
		{7FB19A63-49F3-4ECA-BF35-1C20E115DAC1}.Release|Any CPU.ActiveCfg = Release|Any CPU
		{7FB19A63-49F3-4ECA-BF35-1C20E115DAC1}.Release|Any CPU.Build.0 = Release|Any CPU
	EndGlobalSection
	GlobalSection(SolutionProperties) = preSolution
		HideSolutionNode = FALSE
	EndGlobalSection
	GlobalSection(ExtensibilityGlobals) = postSolution
		SolutionGuid = {6F756CAE-3AC6-4DAB-BD49-27888126C068}
	EndGlobalSection
EndGlobal
